// !$*UTF8*$!
{
	archiveVersion = 1;
	classes = {
	};
	objectVersion = 51;
	objects = {

/* Begin PBXBuildFile section */
		4C3D1092238425C2002CAB84 /* UIColorExtensions.swift in Sources */ = {isa = PBXBuildFile; fileRef = 4C3D1091238425C2002CAB84 /* UIColorExtensions.swift */; };
		4C3D109423843410002CAB84 /* RequestViewController.swift in Sources */ = {isa = PBXBuildFile; fileRef = 4C3D109323843410002CAB84 /* RequestViewController.swift */; };
		4C3D10972384345F002CAB84 /* BabySitterInfosView.swift in Sources */ = {isa = PBXBuildFile; fileRef = 4C3D10962384345F002CAB84 /* BabySitterInfosView.swift */; };
		4C3D10992384346C002CAB84 /* BabySitterInfosView.xib in Resources */ = {isa = PBXBuildFile; fileRef = 4C3D10982384346C002CAB84 /* BabySitterInfosView.xib */; };
		4C4A3A80237C2B19009A3B64 /* BabySitterCell.xib in Resources */ = {isa = PBXBuildFile; fileRef = 4C4A3A7F237C2B19009A3B64 /* BabySitterCell.xib */; };
		4C765B01237991BC00D3D38B /* SearchViewController.swift in Sources */ = {isa = PBXBuildFile; fileRef = 4C765B00237991BC00D3D38B /* SearchViewController.swift */; };
		4C7EAC3F238D9BC6009D3589 /* Nibable.swift in Sources */ = {isa = PBXBuildFile; fileRef = 4C7EAC3E238D9BC6009D3589 /* Nibable.swift */; };
		4C7EAC41238D9CC9009D3589 /* UIViewExtension.swift in Sources */ = {isa = PBXBuildFile; fileRef = 4C7EAC40238D9CC9009D3589 /* UIViewExtension.swift */; };
		4C7EAC43238EB100009D3589 /* EvaluationEntity.swift in Sources */ = {isa = PBXBuildFile; fileRef = 4C7EAC42238EB100009D3589 /* EvaluationEntity.swift */; };
		4CEFB1BE238359380073F0D9 /* BabySitterEntity.swift in Sources */ = {isa = PBXBuildFile; fileRef = 4CEFB1BD238359380073F0D9 /* BabySitterEntity.swift */; };
		4CEFB1C3238361600073F0D9 /* InfoCell.swift in Sources */ = {isa = PBXBuildFile; fileRef = 4CEFB1C1238361600073F0D9 /* InfoCell.swift */; };
		4CEFB1C4238361600073F0D9 /* InfoCell.xib in Resources */ = {isa = PBXBuildFile; fileRef = 4CEFB1C2238361600073F0D9 /* InfoCell.xib */; };
		4CEFB1C923840CC90073F0D9 /* MapCell.swift in Sources */ = {isa = PBXBuildFile; fileRef = 4CEFB1C723840CC90073F0D9 /* MapCell.swift */; };
		4CEFB1CA23840CC90073F0D9 /* MapCell.xib in Resources */ = {isa = PBXBuildFile; fileRef = 4CEFB1C823840CC90073F0D9 /* MapCell.xib */; };
		4CFF8DE023835312000B5DB9 /* BabySitterCell.swift in Sources */ = {isa = PBXBuildFile; fileRef = 4CFF8DDF23835312000B5DB9 /* BabySitterCell.swift */; };
		7B04F344FDE1CDCE8574C748 /* Pods_CuidooApp.framework in Frameworks */ = {isa = PBXBuildFile; fileRef = BA842981CFE67996BA18031C /* Pods_CuidooApp.framework */; };
		E2014FFF23759B4F002D8C8B /* Search.storyboard in Resources */ = {isa = PBXBuildFile; fileRef = E2014FFE23759B4F002D8C8B /* Search.storyboard */; };
		E201500123759B58002D8C8B /* Profile.storyboard in Resources */ = {isa = PBXBuildFile; fileRef = E201500023759B58002D8C8B /* Profile.storyboard */; };
		E201500323759B86002D8C8B /* Request.storyboard in Resources */ = {isa = PBXBuildFile; fileRef = E201500223759B86002D8C8B /* Request.storyboard */; };
		E201500523759B96002D8C8B /* Requesting.storyboard in Resources */ = {isa = PBXBuildFile; fileRef = E201500423759B96002D8C8B /* Requesting.storyboard */; };
		E201500823759BAA002D8C8B /* Requested.storyboard in Resources */ = {isa = PBXBuildFile; fileRef = E201500723759BAA002D8C8B /* Requested.storyboard */; };
		E201500A23759BB4002D8C8B /* Chat.storyboard in Resources */ = {isa = PBXBuildFile; fileRef = E201500923759BB4002D8C8B /* Chat.storyboard */; };
		E201500C23759BC7002D8C8B /* Bio.storyboard in Resources */ = {isa = PBXBuildFile; fileRef = E201500B23759BC7002D8C8B /* Bio.storyboard */; };
		E201500E23759BD0002D8C8B /* History.storyboard in Resources */ = {isa = PBXBuildFile; fileRef = E201500D23759BD0002D8C8B /* History.storyboard */; };
		E201501023759BDB002D8C8B /* Support.storyboard in Resources */ = {isa = PBXBuildFile; fileRef = E201500F23759BDB002D8C8B /* Support.storyboard */; };
		E2800F41238EA579004FB8C4 /* DataPictureCell.swift in Sources */ = {isa = PBXBuildFile; fileRef = E2800F3F238EA579004FB8C4 /* DataPictureCell.swift */; };
		E2800F42238EA579004FB8C4 /* DataPictureCell.xib in Resources */ = {isa = PBXBuildFile; fileRef = E2800F40238EA579004FB8C4 /* DataPictureCell.xib */; };
		E2800F46238EA5C6004FB8C4 /* EvaluationCell.swift in Sources */ = {isa = PBXBuildFile; fileRef = E2800F44238EA5C6004FB8C4 /* EvaluationCell.swift */; };
		E2800F47238EA5C6004FB8C4 /* EvaluationCell.xib in Resources */ = {isa = PBXBuildFile; fileRef = E2800F45238EA5C6004FB8C4 /* EvaluationCell.xib */; };
		E2800F4B238EA5EE004FB8C4 /* AboutCell.swift in Sources */ = {isa = PBXBuildFile; fileRef = E2800F49238EA5EE004FB8C4 /* AboutCell.swift */; };
		E2800F4C238EA5EE004FB8C4 /* AboutCell.xib in Resources */ = {isa = PBXBuildFile; fileRef = E2800F4A238EA5EE004FB8C4 /* AboutCell.xib */; };
		E2800F50238EA613004FB8C4 /* RecommendationCell.swift in Sources */ = {isa = PBXBuildFile; fileRef = E2800F4E238EA613004FB8C4 /* RecommendationCell.swift */; };
		E2800F51238EA613004FB8C4 /* RecommendationCell.xib in Resources */ = {isa = PBXBuildFile; fileRef = E2800F4F238EA613004FB8C4 /* RecommendationCell.xib */; };
		E2800F53238EB872004FB8C4 /* aboutBabySitterEntity.swift in Sources */ = {isa = PBXBuildFile; fileRef = E2800F52238EB872004FB8C4 /* aboutBabySitterEntity.swift */; };
		E2911E8E238812E800273197 /* ConfigurationViewController.swift in Sources */ = {isa = PBXBuildFile; fileRef = E2911E8D238812E800273197 /* ConfigurationViewController.swift */; };
		E299048B2386AE5B0055CB25 /* HistoryEntity.swift in Sources */ = {isa = PBXBuildFile; fileRef = E299048A2386AE5B0055CB25 /* HistoryEntity.swift */; };
		E299048D2386B71B0055CB25 /* DateExtensions.swift in Sources */ = {isa = PBXBuildFile; fileRef = E299048C2386B71B0055CB25 /* DateExtensions.swift */; };
		E299048F2386C2590055CB25 /* HistoryViewController.swift in Sources */ = {isa = PBXBuildFile; fileRef = E299048E2386C2590055CB25 /* HistoryViewController.swift */; };
		E2A815C22378C4A0005D9C6F /* GoogleService-Info.plist in Resources */ = {isa = PBXBuildFile; fileRef = E2A815C12378C4A0005D9C6F /* GoogleService-Info.plist */; };
		E2B20037238BFD4D00CD103A /* BioTableViewController.swift in Sources */ = {isa = PBXBuildFile; fileRef = E2B20036238BFD4D00CD103A /* BioTableViewController.swift */; };
		E2B20039238C07C400CD103A /* BioEntity.swift in Sources */ = {isa = PBXBuildFile; fileRef = E2B20038238C07C400CD103A /* BioEntity.swift */; };
		E2B20045238C1D8200CD103A /* FaqTableViewCell.swift in Sources */ = {isa = PBXBuildFile; fileRef = E2B20043238C1D8200CD103A /* FaqTableViewCell.swift */; };
		E2B20046238C1D8200CD103A /* FaqTableViewCell.xib in Resources */ = {isa = PBXBuildFile; fileRef = E2B20044238C1D8200CD103A /* FaqTableViewCell.xib */; };
		E2B20048238C22AE00CD103A /* FaqEntity.swift in Sources */ = {isa = PBXBuildFile; fileRef = E2B20047238C22AE00CD103A /* FaqEntity.swift */; };
		E2B2004B238C25DC00CD103A /* FaqViewController.swift in Sources */ = {isa = PBXBuildFile; fileRef = E2B2004A238C25DC00CD103A /* FaqViewController.swift */; };
		E2F65A8D23840C4400E9EEA8 /* ProfileViewController.swift in Sources */ = {isa = PBXBuildFile; fileRef = E2F65A8C23840C4400E9EEA8 /* ProfileViewController.swift */; };
		E2F65A9323840F3100E9EEA8 /* Config.storyboard in Resources */ = {isa = PBXBuildFile; fileRef = E2F65A9223840F3100E9EEA8 /* Config.storyboard */; };
		E2F65A962384363E00E9EEA8 /* HistoryCell.swift in Sources */ = {isa = PBXBuildFile; fileRef = E2F65A942384363E00E9EEA8 /* HistoryCell.swift */; };
		E2F65A972384363E00E9EEA8 /* HistoryCell.xib in Resources */ = {isa = PBXBuildFile; fileRef = E2F65A952384363E00E9EEA8 /* HistoryCell.xib */; };
		E7444B50238DD5C600001EC0 /* MatchDAO.swift in Sources */ = {isa = PBXBuildFile; fileRef = E7444B4F238DD5C600001EC0 /* MatchDAO.swift */; };
		E7444B52238DD5F600001EC0 /* UserDAO.swift in Sources */ = {isa = PBXBuildFile; fileRef = E7444B51238DD5F600001EC0 /* UserDAO.swift */; };
		E7565B8E2388262E00946D19 /* Match.swift in Sources */ = {isa = PBXBuildFile; fileRef = E7565B8D2388262E00946D19 /* Match.swift */; };
		E7565B90238826A000946D19 /* StatusEnum.swift in Sources */ = {isa = PBXBuildFile; fileRef = E7565B8F238826A000946D19 /* StatusEnum.swift */; };
		E7565B96238C002A00946D19 /* MatchServices.swift in Sources */ = {isa = PBXBuildFile; fileRef = E7565B95238C002A00946D19 /* MatchServices.swift */; };
		E76322FB238EA6FD009BE203 /* Informations.swift in Sources */ = {isa = PBXBuildFile; fileRef = E76322FA238EA6FD009BE203 /* Informations.swift */; };
		E76322FD238F06D0009BE203 /* ChatServices.swift in Sources */ = {isa = PBXBuildFile; fileRef = E76322FC238F06D0009BE203 /* ChatServices.swift */; };
		E76322FF238F06E2009BE203 /* ChatDAO.swift in Sources */ = {isa = PBXBuildFile; fileRef = E76322FE238F06E2009BE203 /* ChatDAO.swift */; };
		E77DECD4238DA82700C81A92 /* LoggedUser.swift in Sources */ = {isa = PBXBuildFile; fileRef = E77DECD3238DA82700C81A92 /* LoggedUser.swift */; };
		E7AC68A72384342F008EC82F /* MyUser.swift in Sources */ = {isa = PBXBuildFile; fileRef = E7AC68A62384342F008EC82F /* MyUser.swift */; };
		E7CCFEE1237C4FA800F9DA94 /* ChatViewController.swift in Sources */ = {isa = PBXBuildFile; fileRef = E7CCFEE0237C4FA800F9DA94 /* ChatViewController.swift */; };
		E7CCFEE3237C685B00F9DA94 /* Channel.swift in Sources */ = {isa = PBXBuildFile; fileRef = E7CCFEE2237C685B00F9DA94 /* Channel.swift */; };
		E7CCFEE5237C689A00F9DA94 /* Message.swift in Sources */ = {isa = PBXBuildFile; fileRef = E7CCFEE4237C689A00F9DA94 /* Message.swift */; };
		E7CCFEEF237C8DA400F9DA94 /* DatabaseRepresentation.swift in Sources */ = {isa = PBXBuildFile; fileRef = E7CCFEEE237C8DA400F9DA94 /* DatabaseRepresentation.swift */; };
		E7CCFEF6237C9B6B00F9DA94 /* ChatColorsExtension.swift in Sources */ = {isa = PBXBuildFile; fileRef = E7CCFEF5237C9B6B00F9DA94 /* ChatColorsExtension.swift */; };
		E7CCFEF8237C9C0700F9DA94 /* CollectionViewExtension.swift in Sources */ = {isa = PBXBuildFile; fileRef = E7CCFEF7237C9C0700F9DA94 /* CollectionViewExtension.swift */; };
		E7CCFEFB2384192800F9DA94 /* AuthViewController.swift in Sources */ = {isa = PBXBuildFile; fileRef = E7CCFEFA2384192800F9DA94 /* AuthViewController.swift */; };
		E7FF57CD2371A36A00F3FA22 /* AppDelegate.swift in Sources */ = {isa = PBXBuildFile; fileRef = E7FF57CC2371A36A00F3FA22 /* AppDelegate.swift */; };
		E7FF57CF2371A36A00F3FA22 /* SceneDelegate.swift in Sources */ = {isa = PBXBuildFile; fileRef = E7FF57CE2371A36A00F3FA22 /* SceneDelegate.swift */; };
		E7FF57D42371A36A00F3FA22 /* Auth.storyboard in Resources */ = {isa = PBXBuildFile; fileRef = E7FF57D22371A36A00F3FA22 /* Auth.storyboard */; };
		E7FF57D62371A36F00F3FA22 /* Assets.xcassets in Resources */ = {isa = PBXBuildFile; fileRef = E7FF57D52371A36F00F3FA22 /* Assets.xcassets */; };
		E7FF57D92371A36F00F3FA22 /* LaunchScreen.storyboard in Resources */ = {isa = PBXBuildFile; fileRef = E7FF57D72371A36F00F3FA22 /* LaunchScreen.storyboard */; };
/* End PBXBuildFile section */

/* Begin PBXFileReference section */
		303077478AF76DECDC033BE2 /* Pods-CuidooApp.debug.xcconfig */ = {isa = PBXFileReference; includeInIndex = 1; lastKnownFileType = text.xcconfig; name = "Pods-CuidooApp.debug.xcconfig"; path = "Target Support Files/Pods-CuidooApp/Pods-CuidooApp.debug.xcconfig"; sourceTree = "<group>"; };
		4C3D1091238425C2002CAB84 /* UIColorExtensions.swift */ = {isa = PBXFileReference; lastKnownFileType = sourcecode.swift; path = UIColorExtensions.swift; sourceTree = "<group>"; };
		4C3D109323843410002CAB84 /* RequestViewController.swift */ = {isa = PBXFileReference; lastKnownFileType = sourcecode.swift; name = RequestViewController.swift; path = CuidooApp/Extensions/RequestViewController.swift; sourceTree = SOURCE_ROOT; };
		4C3D10962384345F002CAB84 /* BabySitterInfosView.swift */ = {isa = PBXFileReference; lastKnownFileType = sourcecode.swift; path = BabySitterInfosView.swift; sourceTree = "<group>"; };
		4C3D10982384346C002CAB84 /* BabySitterInfosView.xib */ = {isa = PBXFileReference; lastKnownFileType = file.xib; path = BabySitterInfosView.xib; sourceTree = "<group>"; };
		4C4A3A7F237C2B19009A3B64 /* BabySitterCell.xib */ = {isa = PBXFileReference; lastKnownFileType = file.xib; path = BabySitterCell.xib; sourceTree = "<group>"; };
		4C765B00237991BC00D3D38B /* SearchViewController.swift */ = {isa = PBXFileReference; lastKnownFileType = sourcecode.swift; path = SearchViewController.swift; sourceTree = "<group>"; };
		4C7EAC3E238D9BC6009D3589 /* Nibable.swift */ = {isa = PBXFileReference; lastKnownFileType = sourcecode.swift; path = Nibable.swift; sourceTree = "<group>"; };
		4C7EAC40238D9CC9009D3589 /* UIViewExtension.swift */ = {isa = PBXFileReference; lastKnownFileType = sourcecode.swift; path = UIViewExtension.swift; sourceTree = "<group>"; };
		4C7EAC42238EB100009D3589 /* EvaluationEntity.swift */ = {isa = PBXFileReference; lastKnownFileType = sourcecode.swift; path = EvaluationEntity.swift; sourceTree = "<group>"; };
		4CEFB1BD238359380073F0D9 /* BabySitterEntity.swift */ = {isa = PBXFileReference; lastKnownFileType = sourcecode.swift; path = BabySitterEntity.swift; sourceTree = "<group>"; };
		4CEFB1C1238361600073F0D9 /* InfoCell.swift */ = {isa = PBXFileReference; lastKnownFileType = sourcecode.swift; path = InfoCell.swift; sourceTree = "<group>"; };
		4CEFB1C2238361600073F0D9 /* InfoCell.xib */ = {isa = PBXFileReference; lastKnownFileType = file.xib; path = InfoCell.xib; sourceTree = "<group>"; };
		4CEFB1C723840CC90073F0D9 /* MapCell.swift */ = {isa = PBXFileReference; lastKnownFileType = sourcecode.swift; path = MapCell.swift; sourceTree = "<group>"; };
		4CEFB1C823840CC90073F0D9 /* MapCell.xib */ = {isa = PBXFileReference; lastKnownFileType = file.xib; path = MapCell.xib; sourceTree = "<group>"; };
		4CFF8DDF23835312000B5DB9 /* BabySitterCell.swift */ = {isa = PBXFileReference; lastKnownFileType = sourcecode.swift; path = BabySitterCell.swift; sourceTree = "<group>"; };
		800AE3D6E1EBAC85C2721D3B /* Pods-CuidooApp.release.xcconfig */ = {isa = PBXFileReference; includeInIndex = 1; lastKnownFileType = text.xcconfig; name = "Pods-CuidooApp.release.xcconfig"; path = "Target Support Files/Pods-CuidooApp/Pods-CuidooApp.release.xcconfig"; sourceTree = "<group>"; };
		BA842981CFE67996BA18031C /* Pods_CuidooApp.framework */ = {isa = PBXFileReference; explicitFileType = wrapper.framework; includeInIndex = 0; path = Pods_CuidooApp.framework; sourceTree = BUILT_PRODUCTS_DIR; };
		E2014FFE23759B4F002D8C8B /* Search.storyboard */ = {isa = PBXFileReference; lastKnownFileType = file.storyboard; path = Search.storyboard; sourceTree = "<group>"; };
		E201500023759B58002D8C8B /* Profile.storyboard */ = {isa = PBXFileReference; lastKnownFileType = file.storyboard; path = Profile.storyboard; sourceTree = "<group>"; };
		E201500223759B86002D8C8B /* Request.storyboard */ = {isa = PBXFileReference; lastKnownFileType = file.storyboard; path = Request.storyboard; sourceTree = "<group>"; };
		E201500423759B96002D8C8B /* Requesting.storyboard */ = {isa = PBXFileReference; lastKnownFileType = file.storyboard; path = Requesting.storyboard; sourceTree = "<group>"; };
		E201500723759BAA002D8C8B /* Requested.storyboard */ = {isa = PBXFileReference; lastKnownFileType = file.storyboard; path = Requested.storyboard; sourceTree = "<group>"; };
		E201500923759BB4002D8C8B /* Chat.storyboard */ = {isa = PBXFileReference; lastKnownFileType = file.storyboard; path = Chat.storyboard; sourceTree = "<group>"; };
		E201500B23759BC7002D8C8B /* Bio.storyboard */ = {isa = PBXFileReference; lastKnownFileType = file.storyboard; path = Bio.storyboard; sourceTree = "<group>"; };
		E201500D23759BD0002D8C8B /* History.storyboard */ = {isa = PBXFileReference; lastKnownFileType = file.storyboard; path = History.storyboard; sourceTree = "<group>"; };
		E201500F23759BDB002D8C8B /* Support.storyboard */ = {isa = PBXFileReference; lastKnownFileType = file.storyboard; path = Support.storyboard; sourceTree = "<group>"; };
		E2800F3F238EA579004FB8C4 /* DataPictureCell.swift */ = {isa = PBXFileReference; lastKnownFileType = sourcecode.swift; path = DataPictureCell.swift; sourceTree = "<group>"; };
		E2800F40238EA579004FB8C4 /* DataPictureCell.xib */ = {isa = PBXFileReference; lastKnownFileType = file.xib; path = DataPictureCell.xib; sourceTree = "<group>"; };
		E2800F44238EA5C6004FB8C4 /* EvaluationCell.swift */ = {isa = PBXFileReference; lastKnownFileType = sourcecode.swift; path = EvaluationCell.swift; sourceTree = "<group>"; };
		E2800F45238EA5C6004FB8C4 /* EvaluationCell.xib */ = {isa = PBXFileReference; lastKnownFileType = file.xib; path = EvaluationCell.xib; sourceTree = "<group>"; };
		E2800F49238EA5EE004FB8C4 /* AboutCell.swift */ = {isa = PBXFileReference; lastKnownFileType = sourcecode.swift; path = AboutCell.swift; sourceTree = "<group>"; };
		E2800F4A238EA5EE004FB8C4 /* AboutCell.xib */ = {isa = PBXFileReference; lastKnownFileType = file.xib; path = AboutCell.xib; sourceTree = "<group>"; };
		E2800F4E238EA613004FB8C4 /* RecommendationCell.swift */ = {isa = PBXFileReference; lastKnownFileType = sourcecode.swift; path = RecommendationCell.swift; sourceTree = "<group>"; };
		E2800F4F238EA613004FB8C4 /* RecommendationCell.xib */ = {isa = PBXFileReference; lastKnownFileType = file.xib; path = RecommendationCell.xib; sourceTree = "<group>"; };
		E2800F52238EB872004FB8C4 /* aboutBabySitterEntity.swift */ = {isa = PBXFileReference; lastKnownFileType = sourcecode.swift; path = aboutBabySitterEntity.swift; sourceTree = "<group>"; };
		E2911E8D238812E800273197 /* ConfigurationViewController.swift */ = {isa = PBXFileReference; lastKnownFileType = sourcecode.swift; path = ConfigurationViewController.swift; sourceTree = "<group>"; };
		E299048A2386AE5B0055CB25 /* HistoryEntity.swift */ = {isa = PBXFileReference; lastKnownFileType = sourcecode.swift; path = HistoryEntity.swift; sourceTree = "<group>"; };
		E299048C2386B71B0055CB25 /* DateExtensions.swift */ = {isa = PBXFileReference; lastKnownFileType = sourcecode.swift; path = DateExtensions.swift; sourceTree = "<group>"; };
		E299048E2386C2590055CB25 /* HistoryViewController.swift */ = {isa = PBXFileReference; lastKnownFileType = sourcecode.swift; path = HistoryViewController.swift; sourceTree = "<group>"; };
		E2A815C12378C4A0005D9C6F /* GoogleService-Info.plist */ = {isa = PBXFileReference; fileEncoding = 4; lastKnownFileType = text.plist.xml; path = "GoogleService-Info.plist"; sourceTree = "<group>"; };
		E2B20036238BFD4D00CD103A /* BioTableViewController.swift */ = {isa = PBXFileReference; lastKnownFileType = sourcecode.swift; path = BioTableViewController.swift; sourceTree = "<group>"; };
		E2B20038238C07C400CD103A /* BioEntity.swift */ = {isa = PBXFileReference; lastKnownFileType = sourcecode.swift; path = BioEntity.swift; sourceTree = "<group>"; };
		E2B20043238C1D8200CD103A /* FaqTableViewCell.swift */ = {isa = PBXFileReference; lastKnownFileType = sourcecode.swift; path = FaqTableViewCell.swift; sourceTree = "<group>"; };
		E2B20044238C1D8200CD103A /* FaqTableViewCell.xib */ = {isa = PBXFileReference; lastKnownFileType = file.xib; path = FaqTableViewCell.xib; sourceTree = "<group>"; };
		E2B20047238C22AE00CD103A /* FaqEntity.swift */ = {isa = PBXFileReference; lastKnownFileType = sourcecode.swift; path = FaqEntity.swift; sourceTree = "<group>"; };
		E2B2004A238C25DC00CD103A /* FaqViewController.swift */ = {isa = PBXFileReference; lastKnownFileType = sourcecode.swift; path = FaqViewController.swift; sourceTree = "<group>"; };
		E2F65A8C23840C4400E9EEA8 /* ProfileViewController.swift */ = {isa = PBXFileReference; fileEncoding = 4; lastKnownFileType = sourcecode.swift; path = ProfileViewController.swift; sourceTree = "<group>"; };
		E2F65A9223840F3100E9EEA8 /* Config.storyboard */ = {isa = PBXFileReference; lastKnownFileType = file.storyboard; path = Config.storyboard; sourceTree = "<group>"; };
		E2F65A942384363E00E9EEA8 /* HistoryCell.swift */ = {isa = PBXFileReference; lastKnownFileType = sourcecode.swift; path = HistoryCell.swift; sourceTree = "<group>"; };
		E2F65A952384363E00E9EEA8 /* HistoryCell.xib */ = {isa = PBXFileReference; lastKnownFileType = file.xib; path = HistoryCell.xib; sourceTree = "<group>"; };
		E7444B4F238DD5C600001EC0 /* MatchDAO.swift */ = {isa = PBXFileReference; lastKnownFileType = sourcecode.swift; path = MatchDAO.swift; sourceTree = "<group>"; };
		E7444B51238DD5F600001EC0 /* UserDAO.swift */ = {isa = PBXFileReference; lastKnownFileType = sourcecode.swift; path = UserDAO.swift; sourceTree = "<group>"; };
		E7565B8D2388262E00946D19 /* Match.swift */ = {isa = PBXFileReference; lastKnownFileType = sourcecode.swift; path = Match.swift; sourceTree = "<group>"; };
		E7565B8F238826A000946D19 /* StatusEnum.swift */ = {isa = PBXFileReference; lastKnownFileType = sourcecode.swift; path = StatusEnum.swift; sourceTree = "<group>"; };
		E7565B95238C002A00946D19 /* MatchServices.swift */ = {isa = PBXFileReference; lastKnownFileType = sourcecode.swift; path = MatchServices.swift; sourceTree = "<group>"; };
		E76322FA238EA6FD009BE203 /* Informations.swift */ = {isa = PBXFileReference; lastKnownFileType = sourcecode.swift; path = Informations.swift; sourceTree = "<group>"; };
		E76322FC238F06D0009BE203 /* ChatServices.swift */ = {isa = PBXFileReference; lastKnownFileType = sourcecode.swift; path = ChatServices.swift; sourceTree = "<group>"; };
		E76322FE238F06E2009BE203 /* ChatDAO.swift */ = {isa = PBXFileReference; lastKnownFileType = sourcecode.swift; path = ChatDAO.swift; sourceTree = "<group>"; };
		E77DECD3238DA82700C81A92 /* LoggedUser.swift */ = {isa = PBXFileReference; lastKnownFileType = sourcecode.swift; path = LoggedUser.swift; sourceTree = "<group>"; };
		E7AC68A62384342F008EC82F /* MyUser.swift */ = {isa = PBXFileReference; lastKnownFileType = sourcecode.swift; path = MyUser.swift; sourceTree = "<group>"; };
		E7CCFEE0237C4FA800F9DA94 /* ChatViewController.swift */ = {isa = PBXFileReference; lastKnownFileType = sourcecode.swift; path = ChatViewController.swift; sourceTree = "<group>"; };
		E7CCFEE2237C685B00F9DA94 /* Channel.swift */ = {isa = PBXFileReference; lastKnownFileType = sourcecode.swift; path = Channel.swift; sourceTree = "<group>"; };
		E7CCFEE4237C689A00F9DA94 /* Message.swift */ = {isa = PBXFileReference; lastKnownFileType = sourcecode.swift; path = Message.swift; sourceTree = "<group>"; };
		E7CCFEEE237C8DA400F9DA94 /* DatabaseRepresentation.swift */ = {isa = PBXFileReference; lastKnownFileType = sourcecode.swift; path = DatabaseRepresentation.swift; sourceTree = "<group>"; };
		E7CCFEF5237C9B6B00F9DA94 /* ChatColorsExtension.swift */ = {isa = PBXFileReference; lastKnownFileType = sourcecode.swift; path = ChatColorsExtension.swift; sourceTree = "<group>"; };
		E7CCFEF7237C9C0700F9DA94 /* CollectionViewExtension.swift */ = {isa = PBXFileReference; lastKnownFileType = sourcecode.swift; path = CollectionViewExtension.swift; sourceTree = "<group>"; };
		E7CCFEFA2384192800F9DA94 /* AuthViewController.swift */ = {isa = PBXFileReference; lastKnownFileType = sourcecode.swift; path = AuthViewController.swift; sourceTree = "<group>"; };
		E7FF57C92371A36A00F3FA22 /* CuidooApp.app */ = {isa = PBXFileReference; explicitFileType = wrapper.application; includeInIndex = 0; path = CuidooApp.app; sourceTree = BUILT_PRODUCTS_DIR; };
		E7FF57CC2371A36A00F3FA22 /* AppDelegate.swift */ = {isa = PBXFileReference; lastKnownFileType = sourcecode.swift; path = AppDelegate.swift; sourceTree = "<group>"; };
		E7FF57CE2371A36A00F3FA22 /* SceneDelegate.swift */ = {isa = PBXFileReference; lastKnownFileType = sourcecode.swift; path = SceneDelegate.swift; sourceTree = "<group>"; };
		E7FF57D32371A36A00F3FA22 /* Base */ = {isa = PBXFileReference; lastKnownFileType = file.storyboard; name = Base; path = Base.lproj/Auth.storyboard; sourceTree = "<group>"; };
		E7FF57D52371A36F00F3FA22 /* Assets.xcassets */ = {isa = PBXFileReference; lastKnownFileType = folder.assetcatalog; path = Assets.xcassets; sourceTree = "<group>"; };
		E7FF57D82371A36F00F3FA22 /* Base */ = {isa = PBXFileReference; lastKnownFileType = file.storyboard; name = Base; path = Base.lproj/LaunchScreen.storyboard; sourceTree = "<group>"; };
		E7FF57DA2371A36F00F3FA22 /* Info.plist */ = {isa = PBXFileReference; lastKnownFileType = text.plist.xml; path = Info.plist; sourceTree = "<group>"; };
/* End PBXFileReference section */

/* Begin PBXFrameworksBuildPhase section */
		E7FF57C62371A36A00F3FA22 /* Frameworks */ = {
			isa = PBXFrameworksBuildPhase;
			buildActionMask = 2147483647;
			files = (
				7B04F344FDE1CDCE8574C748 /* Pods_CuidooApp.framework in Frameworks */,
			);
			runOnlyForDeploymentPostprocessing = 0;
		};
/* End PBXFrameworksBuildPhase section */

/* Begin PBXGroup section */
		4C3D109523843422002CAB84 /* BabySitterView */ = {
			isa = PBXGroup;
			children = (
				4C3D10962384345F002CAB84 /* BabySitterInfosView.swift */,
				4C3D10982384346C002CAB84 /* BabySitterInfosView.xib */,
			);
			path = BabySitterView;
			sourceTree = "<group>";
		};
		4C4A3A7E237C2AC4009A3B64 /* View */ = {
			isa = PBXGroup;
			children = (
				4C765B00237991BC00D3D38B /* SearchViewController.swift */,
			);
			path = View;
			sourceTree = "<group>";
		};
		4C4A3A81237C3450009A3B64 /* Match */ = {
			isa = PBXGroup;
			children = (
			);
			path = Match;
			sourceTree = "<group>";
		};
		4C4A3A82237D9DE0009A3B64 /* Controller */ = {
			isa = PBXGroup;
			children = (
				E7CCFEE0237C4FA800F9DA94 /* ChatViewController.swift */,
			);
			name = Controller;
			sourceTree = "<group>";
		};
		4C4A3A83237D9E07009A3B64 /* Model */ = {
			isa = PBXGroup;
			children = (
				E7CCFEE2237C685B00F9DA94 /* Channel.swift */,
				E7CCFEE4237C689A00F9DA94 /* Message.swift */,
				E7CCFEEE237C8DA400F9DA94 /* DatabaseRepresentation.swift */,
			);
			path = Model;
			sourceTree = "<group>";
		};
		4CEFB1BF2383611C0073F0D9 /* Cells */ = {
			isa = PBXGroup;
			children = (
				E77DECD2238D92D600C81A92 /* InfoCell */,
				4CEFB1C623840CA00073F0D9 /* Map */,
				4CEFB1C0238361240073F0D9 /* BabySitter */,
			);
			path = Cells;
			sourceTree = "<group>";
		};
		4CEFB1C0238361240073F0D9 /* BabySitter */ = {
			isa = PBXGroup;
			children = (
				4C4A3A7F237C2B19009A3B64 /* BabySitterCell.xib */,
				4CFF8DDF23835312000B5DB9 /* BabySitterCell.swift */,
				4CEFB1BD238359380073F0D9 /* BabySitterEntity.swift */,
			);
			path = BabySitter;
			sourceTree = "<group>";
		};
		4CEFB1C623840CA00073F0D9 /* Map */ = {
			isa = PBXGroup;
			children = (
				4CEFB1C723840CC90073F0D9 /* MapCell.swift */,
				4CEFB1C823840CC90073F0D9 /* MapCell.xib */,
			);
			path = Map;
			sourceTree = "<group>";
		};
		7A10E2F6808C474F7E0A412E /* Frameworks */ = {
			isa = PBXGroup;
			children = (
				BA842981CFE67996BA18031C /* Pods_CuidooApp.framework */,
			);
			name = Frameworks;
			sourceTree = "<group>";
		};
		E2014FF4237596D5002D8C8B /* Request */ = {
			isa = PBXGroup;
			children = (
				4C3D109523843422002CAB84 /* BabySitterView */,
				4C3D109323843410002CAB84 /* RequestViewController.swift */,
			);
			path = Request;
			sourceTree = "<group>";
		};
		E2014FF5237596E5002D8C8B /* Search */ = {
			isa = PBXGroup;
			children = (
				4C4A3A7E237C2AC4009A3B64 /* View */,
			);
			path = Search;
			sourceTree = "<group>";
		};
		E2014FF6237596F6002D8C8B /* Requesting */ = {
			isa = PBXGroup;
			children = (
				E2800F3D238EA4CE004FB8C4 /* View */,
				E2800F3C238EA4B5004FB8C4 /* Cells */,
			);
			path = Requesting;
			sourceTree = "<group>";
		};
		E2014FF723759737002D8C8B /* Requested */ = {
			isa = PBXGroup;
			children = (
			);
			path = Requested;
			sourceTree = "<group>";
		};
		E2014FF823759754002D8C8B /* Chat */ = {
			isa = PBXGroup;
			children = (
				4C4A3A83237D9E07009A3B64 /* Model */,
				4C4A3A82237D9DE0009A3B64 /* Controller */,
			);
			path = Chat;
			sourceTree = "<group>";
		};
		E2014FFA23759765002D8C8B /* Profile */ = {
			isa = PBXGroup;
			children = (
				E2F65A8B23840C4400E9EEA8 /* Controller */,
			);
			path = Profile;
			sourceTree = "<group>";
		};
		E2800F3C238EA4B5004FB8C4 /* Cells */ = {
			isa = PBXGroup;
			children = (
				E2800F4D238EA5F3004FB8C4 /* RecommendationCell */,
				E2800F48238EA5CE004FB8C4 /* AboutCell */,
				E2800F43238EA582004FB8C4 /* EvaluationCell */,
				E2800F3E238EA520004FB8C4 /* DataPictureCell */,
			);
			path = Cells;
			sourceTree = "<group>";
		};
		E2800F3D238EA4CE004FB8C4 /* View */ = {
			isa = PBXGroup;
			children = (
			);
			path = View;
			sourceTree = "<group>";
		};
		E2800F3E238EA520004FB8C4 /* DataPictureCell */ = {
			isa = PBXGroup;
			children = (
				E2800F3F238EA579004FB8C4 /* DataPictureCell.swift */,
				E2800F40238EA579004FB8C4 /* DataPictureCell.xib */,
			);
			path = DataPictureCell;
			sourceTree = "<group>";
		};
		E2800F43238EA582004FB8C4 /* EvaluationCell */ = {
			isa = PBXGroup;
			children = (
				E2800F44238EA5C6004FB8C4 /* EvaluationCell.swift */,
				E2800F45238EA5C6004FB8C4 /* EvaluationCell.xib */,
				4C7EAC42238EB100009D3589 /* EvaluationEntity.swift */,
			);
			path = EvaluationCell;
			sourceTree = "<group>";
		};
		E2800F48238EA5CE004FB8C4 /* AboutCell */ = {
			isa = PBXGroup;
			children = (
				E2800F49238EA5EE004FB8C4 /* AboutCell.swift */,
				E2800F4A238EA5EE004FB8C4 /* AboutCell.xib */,
				E2800F52238EB872004FB8C4 /* aboutBabySitterEntity.swift */,
			);
			path = AboutCell;
			sourceTree = "<group>";
		};
		E2800F4D238EA5F3004FB8C4 /* RecommendationCell */ = {
			isa = PBXGroup;
			children = (
				E2800F4E238EA613004FB8C4 /* RecommendationCell.swift */,
				E2800F4F238EA613004FB8C4 /* RecommendationCell.xib */,
			);
			path = RecommendationCell;
			sourceTree = "<group>";
		};
		E2911E8B2388127300273197 /* Configuration */ = {
			isa = PBXGroup;
			children = (
				E2911E8C238812B100273197 /* Controller */,
			);
			path = Configuration;
			sourceTree = "<group>";
		};
		E2911E8C238812B100273197 /* Controller */ = {
			isa = PBXGroup;
			children = (
				E2911E8D238812E800273197 /* ConfigurationViewController.swift */,
			);
			path = Controller;
			sourceTree = "<group>";
		};
		E29904902386CA8F0055CB25 /* Controller */ = {
			isa = PBXGroup;
			children = (
				E299048E2386C2590055CB25 /* HistoryViewController.swift */,
			);
			path = Controller;
			sourceTree = "<group>";
		};
		E2A815C32378C6D5005D9C6F /* Initial */ = {
			isa = PBXGroup;
			children = (
			);
			name = Initial;
			sourceTree = "<group>";
		};
		E2B2003A238C07EB00CD103A /* Controller */ = {
			isa = PBXGroup;
			children = (
				E2B20036238BFD4D00CD103A /* BioTableViewController.swift */,
			);
			path = Controller;
			sourceTree = "<group>";
		};
		E2B20049238C25BE00CD103A /* Controller */ = {
			isa = PBXGroup;
			children = (
				E2B2004A238C25DC00CD103A /* FaqViewController.swift */,
			);
			path = Controller;
			sourceTree = "<group>";
		};
		E2F65A8B23840C4400E9EEA8 /* Controller */ = {
			isa = PBXGroup;
			children = (
				E2F65A8C23840C4400E9EEA8 /* ProfileViewController.swift */,
			);
			path = Controller;
			sourceTree = "<group>";
		};
		E2F65A8E23840D3000E9EEA8 /* Bio */ = {
			isa = PBXGroup;
			children = (
				E2B2003A238C07EB00CD103A /* Controller */,
				E2B20038238C07C400CD103A /* BioEntity.swift */,
			);
			path = Bio;
			sourceTree = "<group>";
		};
		E2F65A9023840DB900E9EEA8 /* History */ = {
			isa = PBXGroup;
			children = (
				E29904902386CA8F0055CB25 /* Controller */,
				E2F65A942384363E00E9EEA8 /* HistoryCell.swift */,
				E2F65A952384363E00E9EEA8 /* HistoryCell.xib */,
				E299048A2386AE5B0055CB25 /* HistoryEntity.swift */,
			);
			path = History;
			sourceTree = "<group>";
		};
		E2F65A9123840DCF00E9EEA8 /* Support */ = {
			isa = PBXGroup;
			children = (
				E2B20049238C25BE00CD103A /* Controller */,
				E2B20043238C1D8200CD103A /* FaqTableViewCell.swift */,
				E2B20044238C1D8200CD103A /* FaqTableViewCell.xib */,
				E2B20047238C22AE00CD103A /* FaqEntity.swift */,
			);
			path = Support;
			sourceTree = "<group>";
		};
		E7444B53238DD62400001EC0 /* DAO */ = {
			isa = PBXGroup;
			children = (
				E7444B51238DD5F600001EC0 /* UserDAO.swift */,
				E7444B4F238DD5C600001EC0 /* MatchDAO.swift */,
				E76322FE238F06E2009BE203 /* ChatDAO.swift */,
			);
			path = DAO;
			sourceTree = "<group>";
		};
		E7565B92238BFF4100946D19 /* Model */ = {
			isa = PBXGroup;
			children = (
				E7565B8D2388262E00946D19 /* Match.swift */,
				E7AC68A62384342F008EC82F /* MyUser.swift */,
				E77DECD3238DA82700C81A92 /* LoggedUser.swift */,
				E76322FA238EA6FD009BE203 /* Informations.swift */,
			);
			path = Model;
			sourceTree = "<group>";
		};
		E7565B93238BFF4B00946D19 /* ViewController */ = {
			isa = PBXGroup;
			children = (
				E7CCFEFA2384192800F9DA94 /* AuthViewController.swift */,
			);
			path = ViewController;
			sourceTree = "<group>";
		};
		E7565B94238C000600946D19 /* Business */ = {
			isa = PBXGroup;
			children = (
				E76322FC238F06D0009BE203 /* ChatServices.swift */,
				E7565B95238C002A00946D19 /* MatchServices.swift */,
				E7444B53238DD62400001EC0 /* DAO */,
			);
			path = Business;
			sourceTree = "<group>";
		};
		E77DECD2238D92D600C81A92 /* InfoCell */ = {
			isa = PBXGroup;
			children = (
				4CEFB1C1238361600073F0D9 /* InfoCell.swift */,
				4CEFB1C2238361600073F0D9 /* InfoCell.xib */,
			);
			path = InfoCell;
			sourceTree = "<group>";
		};
		E7CCFEF4237C9B4B00F9DA94 /* Extensions */ = {
			isa = PBXGroup;
			children = (
				E7CCFEF5237C9B6B00F9DA94 /* ChatColorsExtension.swift */,
				E7CCFEF7237C9C0700F9DA94 /* CollectionViewExtension.swift */,
				4C3D1091238425C2002CAB84 /* UIColorExtensions.swift */,
				E299048C2386B71B0055CB25 /* DateExtensions.swift */,
				4C7EAC3E238D9BC6009D3589 /* Nibable.swift */,
				4C7EAC40238D9CC9009D3589 /* UIViewExtension.swift */,
			);
			path = Extensions;
			sourceTree = "<group>";
		};
		E7CCFEF92384191200F9DA94 /* Auth */ = {
			isa = PBXGroup;
			children = (
				E7565B94238C000600946D19 /* Business */,
				E7565B93238BFF4B00946D19 /* ViewController */,
				E7565B92238BFF4100946D19 /* Model */,
				E7565B8F238826A000946D19 /* StatusEnum.swift */,
			);
			path = Auth;
			sourceTree = "<group>";
		};
		E7FF57C02371A36900F3FA22 = {
			isa = PBXGroup;
			children = (
				E7FF57CB2371A36A00F3FA22 /* CuidooApp */,
				E7FF57CA2371A36A00F3FA22 /* Products */,
				F44E13D9EFDEEF0E4CB39168 /* Pods */,
				7A10E2F6808C474F7E0A412E /* Frameworks */,
			);
			sourceTree = "<group>";
		};
		E7FF57CA2371A36A00F3FA22 /* Products */ = {
			isa = PBXGroup;
			children = (
				E7FF57C92371A36A00F3FA22 /* CuidooApp.app */,
			);
			name = Products;
			sourceTree = "<group>";
		};
		E7FF57CB2371A36A00F3FA22 /* CuidooApp */ = {
			isa = PBXGroup;
			children = (
				4CEFB1BF2383611C0073F0D9 /* Cells */,
				E7CCFEF4237C9B4B00F9DA94 /* Extensions */,
				E7FF57E22371A59A00F3FA22 /* Scenes */,
				E7FF57E12371A4A600F3FA22 /* Resources */,
				E7FF57E02371A49F00F3FA22 /* Storyboards */,
				E7FF57DA2371A36F00F3FA22 /* Info.plist */,
				E2A815C12378C4A0005D9C6F /* GoogleService-Info.plist */,
			);
			path = CuidooApp;
			sourceTree = "<group>";
		};
		E7FF57E02371A49F00F3FA22 /* Storyboards */ = {
			isa = PBXGroup;
			children = (
				E7FF57D22371A36A00F3FA22 /* Auth.storyboard */,
				E2014FFE23759B4F002D8C8B /* Search.storyboard */,
				E201500023759B58002D8C8B /* Profile.storyboard */,
				E201500223759B86002D8C8B /* Request.storyboard */,
				E201500423759B96002D8C8B /* Requesting.storyboard */,
				E201500723759BAA002D8C8B /* Requested.storyboard */,
				E201500923759BB4002D8C8B /* Chat.storyboard */,
				E201500B23759BC7002D8C8B /* Bio.storyboard */,
				E201500D23759BD0002D8C8B /* History.storyboard */,
				E201500F23759BDB002D8C8B /* Support.storyboard */,
				E7FF57D72371A36F00F3FA22 /* LaunchScreen.storyboard */,
				E2F65A9223840F3100E9EEA8 /* Config.storyboard */,
			);
			path = Storyboards;
			sourceTree = "<group>";
		};
		E7FF57E12371A4A600F3FA22 /* Resources */ = {
			isa = PBXGroup;
			children = (
				E7FF57D52371A36F00F3FA22 /* Assets.xcassets */,
				E7FF57CE2371A36A00F3FA22 /* SceneDelegate.swift */,
				E7FF57CC2371A36A00F3FA22 /* AppDelegate.swift */,
			);
			path = Resources;
			sourceTree = "<group>";
		};
		E7FF57E22371A59A00F3FA22 /* Scenes */ = {
			isa = PBXGroup;
			children = (
				E7CCFEF92384191200F9DA94 /* Auth */,
				4C4A3A81237C3450009A3B64 /* Match */,
				E2A815C32378C6D5005D9C6F /* Initial */,
				E2014FF5237596E5002D8C8B /* Search */,
				E2014FF4237596D5002D8C8B /* Request */,
				E2014FF6237596F6002D8C8B /* Requesting */,
				E2014FF723759737002D8C8B /* Requested */,
				E2014FF823759754002D8C8B /* Chat */,
				E2014FFA23759765002D8C8B /* Profile */,
				E2F65A8E23840D3000E9EEA8 /* Bio */,
				E2F65A9023840DB900E9EEA8 /* History */,
				E2F65A9123840DCF00E9EEA8 /* Support */,
				E2911E8B2388127300273197 /* Configuration */,
			);
			path = Scenes;
			sourceTree = "<group>";
		};
		F44E13D9EFDEEF0E4CB39168 /* Pods */ = {
			isa = PBXGroup;
			children = (
				303077478AF76DECDC033BE2 /* Pods-CuidooApp.debug.xcconfig */,
				800AE3D6E1EBAC85C2721D3B /* Pods-CuidooApp.release.xcconfig */,
			);
			path = Pods;
			sourceTree = "<group>";
		};
/* End PBXGroup section */

/* Begin PBXNativeTarget section */
		E7FF57C82371A36A00F3FA22 /* CuidooApp */ = {
			isa = PBXNativeTarget;
			buildConfigurationList = E7FF57DD2371A36F00F3FA22 /* Build configuration list for PBXNativeTarget "CuidooApp" */;
			buildPhases = (
				9121FCAE005E4E5874EA2556 /* [CP] Check Pods Manifest.lock */,
				E7FF57C52371A36A00F3FA22 /* Sources */,
				E7FF57C62371A36A00F3FA22 /* Frameworks */,
				E7FF57C72371A36A00F3FA22 /* Resources */,
				0564CA68A05EAB2853129534 /* [CP] Embed Pods Frameworks */,
			);
			buildRules = (
			);
			dependencies = (
			);
			name = CuidooApp;
			productName = CuidooApp;
			productReference = E7FF57C92371A36A00F3FA22 /* CuidooApp.app */;
			productType = "com.apple.product-type.application";
		};
/* End PBXNativeTarget section */

/* Begin PBXProject section */
		E7FF57C12371A36A00F3FA22 /* Project object */ = {
			isa = PBXProject;
			attributes = {
				LastSwiftUpdateCheck = 1110;
				LastUpgradeCheck = 1110;
				ORGANIZATIONNAME = "Júlio John Tavares Ramos";
				TargetAttributes = {
					E7FF57C82371A36A00F3FA22 = {
						CreatedOnToolsVersion = 11.1;
					};
				};
			};
			buildConfigurationList = E7FF57C42371A36A00F3FA22 /* Build configuration list for PBXProject "CuidooApp" */;
			compatibilityVersion = "Xcode 9.3";
			developmentRegion = en;
			hasScannedForEncodings = 0;
			knownRegions = (
				en,
				Base,
			);
			mainGroup = E7FF57C02371A36900F3FA22;
			productRefGroup = E7FF57CA2371A36A00F3FA22 /* Products */;
			projectDirPath = "";
			projectRoot = "";
			targets = (
				E7FF57C82371A36A00F3FA22 /* CuidooApp */,
			);
		};
/* End PBXProject section */

/* Begin PBXResourcesBuildPhase section */
		E7FF57C72371A36A00F3FA22 /* Resources */ = {
			isa = PBXResourcesBuildPhase;
			buildActionMask = 2147483647;
			files = (
				E2800F42238EA579004FB8C4 /* DataPictureCell.xib in Resources */,
				4C4A3A80237C2B19009A3B64 /* BabySitterCell.xib in Resources */,
				E2800F4C238EA5EE004FB8C4 /* AboutCell.xib in Resources */,
				4CEFB1C4238361600073F0D9 /* InfoCell.xib in Resources */,
				E201500123759B58002D8C8B /* Profile.storyboard in Resources */,
				E201500323759B86002D8C8B /* Request.storyboard in Resources */,
				E2800F51238EA613004FB8C4 /* RecommendationCell.xib in Resources */,
				E7FF57D92371A36F00F3FA22 /* LaunchScreen.storyboard in Resources */,
				E201500823759BAA002D8C8B /* Requested.storyboard in Resources */,
				E201500523759B96002D8C8B /* Requesting.storyboard in Resources */,
				E201501023759BDB002D8C8B /* Support.storyboard in Resources */,
				E7FF57D62371A36F00F3FA22 /* Assets.xcassets in Resources */,
				E7FF57D42371A36A00F3FA22 /* Auth.storyboard in Resources */,
				E2F65A972384363E00E9EEA8 /* HistoryCell.xib in Resources */,
				4CEFB1CA23840CC90073F0D9 /* MapCell.xib in Resources */,
				E201500A23759BB4002D8C8B /* Chat.storyboard in Resources */,
				E201500C23759BC7002D8C8B /* Bio.storyboard in Resources */,
				E2800F47238EA5C6004FB8C4 /* EvaluationCell.xib in Resources */,
				E2014FFF23759B4F002D8C8B /* Search.storyboard in Resources */,
				E201500E23759BD0002D8C8B /* History.storyboard in Resources */,
				E2B20046238C1D8200CD103A /* FaqTableViewCell.xib in Resources */,
				4C3D10992384346C002CAB84 /* BabySitterInfosView.xib in Resources */,
				E2F65A9323840F3100E9EEA8 /* Config.storyboard in Resources */,
				E2A815C22378C4A0005D9C6F /* GoogleService-Info.plist in Resources */,
			);
			runOnlyForDeploymentPostprocessing = 0;
		};
/* End PBXResourcesBuildPhase section */

/* Begin PBXShellScriptBuildPhase section */
		0564CA68A05EAB2853129534 /* [CP] Embed Pods Frameworks */ = {
			isa = PBXShellScriptBuildPhase;
			buildActionMask = 2147483647;
			files = (
			);
			inputFileListPaths = (
				"${PODS_ROOT}/Target Support Files/Pods-CuidooApp/Pods-CuidooApp-frameworks-${CONFIGURATION}-input-files.xcfilelist",
			);
			name = "[CP] Embed Pods Frameworks";
			outputFileListPaths = (
				"${PODS_ROOT}/Target Support Files/Pods-CuidooApp/Pods-CuidooApp-frameworks-${CONFIGURATION}-output-files.xcfilelist",
			);
			runOnlyForDeploymentPostprocessing = 0;
			shellPath = /bin/sh;
			shellScript = "\"${PODS_ROOT}/Target Support Files/Pods-CuidooApp/Pods-CuidooApp-frameworks.sh\"\n";
			showEnvVarsInLog = 0;
		};
		9121FCAE005E4E5874EA2556 /* [CP] Check Pods Manifest.lock */ = {
			isa = PBXShellScriptBuildPhase;
			buildActionMask = 2147483647;
			files = (
			);
			inputFileListPaths = (
			);
			inputPaths = (
				"${PODS_PODFILE_DIR_PATH}/Podfile.lock",
				"${PODS_ROOT}/Manifest.lock",
			);
			name = "[CP] Check Pods Manifest.lock";
			outputFileListPaths = (
			);
			outputPaths = (
				"$(DERIVED_FILE_DIR)/Pods-CuidooApp-checkManifestLockResult.txt",
			);
			runOnlyForDeploymentPostprocessing = 0;
			shellPath = /bin/sh;
			shellScript = "diff \"${PODS_PODFILE_DIR_PATH}/Podfile.lock\" \"${PODS_ROOT}/Manifest.lock\" > /dev/null\nif [ $? != 0 ] ; then\n    # print error to STDERR\n    echo \"error: The sandbox is not in sync with the Podfile.lock. Run 'pod install' or update your CocoaPods installation.\" >&2\n    exit 1\nfi\n# This output is used by Xcode 'outputs' to avoid re-running this script phase.\necho \"SUCCESS\" > \"${SCRIPT_OUTPUT_FILE_0}\"\n";
			showEnvVarsInLog = 0;
		};
/* End PBXShellScriptBuildPhase section */

/* Begin PBXSourcesBuildPhase section */
		E7FF57C52371A36A00F3FA22 /* Sources */ = {
			isa = PBXSourcesBuildPhase;
			buildActionMask = 2147483647;
			files = (
				E7FF57CD2371A36A00F3FA22 /* AppDelegate.swift in Sources */,
				E299048D2386B71B0055CB25 /* DateExtensions.swift in Sources */,
				E7CCFEF8237C9C0700F9DA94 /* CollectionViewExtension.swift in Sources */,
				E299048B2386AE5B0055CB25 /* HistoryEntity.swift in Sources */,
				E2800F41238EA579004FB8C4 /* DataPictureCell.swift in Sources */,
				4C7EAC3F238D9BC6009D3589 /* Nibable.swift in Sources */,
				4C3D109423843410002CAB84 /* RequestViewController.swift in Sources */,
				E7CCFEE3237C685B00F9DA94 /* Channel.swift in Sources */,
				E76322FF238F06E2009BE203 /* ChatDAO.swift in Sources */,
				E7CCFEFB2384192800F9DA94 /* AuthViewController.swift in Sources */,
				4C7EAC41238D9CC9009D3589 /* UIViewExtension.swift in Sources */,
				E2800F46238EA5C6004FB8C4 /* EvaluationCell.swift in Sources */,
				4CEFB1BE238359380073F0D9 /* BabySitterEntity.swift in Sources */,
				E2F65A8D23840C4400E9EEA8 /* ProfileViewController.swift in Sources */,
				E2911E8E238812E800273197 /* ConfigurationViewController.swift in Sources */,
				E2B20045238C1D8200CD103A /* FaqTableViewCell.swift in Sources */,
				E2B20037238BFD4D00CD103A /* BioTableViewController.swift in Sources */,
				E2F65A962384363E00E9EEA8 /* HistoryCell.swift in Sources */,
				E2B2004B238C25DC00CD103A /* FaqViewController.swift in Sources */,
				4C7EAC43238EB100009D3589 /* EvaluationEntity.swift in Sources */,
				4CEFB1C923840CC90073F0D9 /* MapCell.swift in Sources */,
				E7AC68A72384342F008EC82F /* MyUser.swift in Sources */,
				E7444B50238DD5C600001EC0 /* MatchDAO.swift in Sources */,
				E76322FD238F06D0009BE203 /* ChatServices.swift in Sources */,
				E7565B90238826A000946D19 /* StatusEnum.swift in Sources */,
				E7CCFEEF237C8DA400F9DA94 /* DatabaseRepresentation.swift in Sources */,
				E7444B52238DD5F600001EC0 /* UserDAO.swift in Sources */,
				E7565B96238C002A00946D19 /* MatchServices.swift in Sources */,
				E299048F2386C2590055CB25 /* HistoryViewController.swift in Sources */,
				E7CCFEF6237C9B6B00F9DA94 /* ChatColorsExtension.swift in Sources */,
				4C765B01237991BC00D3D38B /* SearchViewController.swift in Sources */,
				E77DECD4238DA82700C81A92 /* LoggedUser.swift in Sources */,
				E7CCFEE5237C689A00F9DA94 /* Message.swift in Sources */,
				4C3D1092238425C2002CAB84 /* UIColorExtensions.swift in Sources */,
				E76322FB238EA6FD009BE203 /* Informations.swift in Sources */,
				4C3D10972384345F002CAB84 /* BabySitterInfosView.swift in Sources */,
				4CFF8DE023835312000B5DB9 /* BabySitterCell.swift in Sources */,
				E2B20039238C07C400CD103A /* BioEntity.swift in Sources */,
				E2B20048238C22AE00CD103A /* FaqEntity.swift in Sources */,
				4CEFB1C3238361600073F0D9 /* InfoCell.swift in Sources */,
				E7565B8E2388262E00946D19 /* Match.swift in Sources */,
				E2800F4B238EA5EE004FB8C4 /* AboutCell.swift in Sources */,
				E7CCFEE1237C4FA800F9DA94 /* ChatViewController.swift in Sources */,
				E2800F53238EB872004FB8C4 /* aboutBabySitterEntity.swift in Sources */,
				E7FF57CF2371A36A00F3FA22 /* SceneDelegate.swift in Sources */,
				E2800F50238EA613004FB8C4 /* RecommendationCell.swift in Sources */,
			);
			runOnlyForDeploymentPostprocessing = 0;
		};
/* End PBXSourcesBuildPhase section */

/* Begin PBXVariantGroup section */
		E7FF57D22371A36A00F3FA22 /* Auth.storyboard */ = {
			isa = PBXVariantGroup;
			children = (
				E7FF57D32371A36A00F3FA22 /* Base */,
			);
			name = Auth.storyboard;
			sourceTree = "<group>";
		};
		E7FF57D72371A36F00F3FA22 /* LaunchScreen.storyboard */ = {
			isa = PBXVariantGroup;
			children = (
				E7FF57D82371A36F00F3FA22 /* Base */,
			);
			name = LaunchScreen.storyboard;
			sourceTree = "<group>";
		};
/* End PBXVariantGroup section */

/* Begin XCBuildConfiguration section */
		E7FF57DB2371A36F00F3FA22 /* Debug */ = {
			isa = XCBuildConfiguration;
			buildSettings = {
				ALWAYS_SEARCH_USER_PATHS = NO;
				CLANG_ANALYZER_NONNULL = YES;
				CLANG_ANALYZER_NUMBER_OBJECT_CONVERSION = YES_AGGRESSIVE;
				CLANG_CXX_LANGUAGE_STANDARD = "gnu++14";
				CLANG_CXX_LIBRARY = "libc++";
				CLANG_ENABLE_MODULES = YES;
				CLANG_ENABLE_OBJC_ARC = YES;
				CLANG_ENABLE_OBJC_WEAK = YES;
				CLANG_WARN_BLOCK_CAPTURE_AUTORELEASING = YES;
				CLANG_WARN_BOOL_CONVERSION = YES;
				CLANG_WARN_COMMA = YES;
				CLANG_WARN_CONSTANT_CONVERSION = YES;
				CLANG_WARN_DEPRECATED_OBJC_IMPLEMENTATIONS = YES;
				CLANG_WARN_DIRECT_OBJC_ISA_USAGE = YES_ERROR;
				CLANG_WARN_DOCUMENTATION_COMMENTS = YES;
				CLANG_WARN_EMPTY_BODY = YES;
				CLANG_WARN_ENUM_CONVERSION = YES;
				CLANG_WARN_INFINITE_RECURSION = YES;
				CLANG_WARN_INT_CONVERSION = YES;
				CLANG_WARN_NON_LITERAL_NULL_CONVERSION = YES;
				CLANG_WARN_OBJC_IMPLICIT_RETAIN_SELF = YES;
				CLANG_WARN_OBJC_LITERAL_CONVERSION = YES;
				CLANG_WARN_OBJC_ROOT_CLASS = YES_ERROR;
				CLANG_WARN_RANGE_LOOP_ANALYSIS = YES;
				CLANG_WARN_STRICT_PROTOTYPES = YES;
				CLANG_WARN_SUSPICIOUS_MOVE = YES;
				CLANG_WARN_UNGUARDED_AVAILABILITY = YES_AGGRESSIVE;
				CLANG_WARN_UNREACHABLE_CODE = YES;
				CLANG_WARN__DUPLICATE_METHOD_MATCH = YES;
				COPY_PHASE_STRIP = NO;
				DEBUG_INFORMATION_FORMAT = dwarf;
				ENABLE_STRICT_OBJC_MSGSEND = YES;
				ENABLE_TESTABILITY = YES;
				GCC_C_LANGUAGE_STANDARD = gnu11;
				GCC_DYNAMIC_NO_PIC = NO;
				GCC_NO_COMMON_BLOCKS = YES;
				GCC_OPTIMIZATION_LEVEL = 0;
				GCC_PREPROCESSOR_DEFINITIONS = (
					"DEBUG=1",
					"$(inherited)",
				);
				GCC_WARN_64_TO_32_BIT_CONVERSION = YES;
				GCC_WARN_ABOUT_RETURN_TYPE = YES_ERROR;
				GCC_WARN_UNDECLARED_SELECTOR = YES;
				GCC_WARN_UNINITIALIZED_AUTOS = YES_AGGRESSIVE;
				GCC_WARN_UNUSED_FUNCTION = YES;
				GCC_WARN_UNUSED_VARIABLE = YES;
				IPHONEOS_DEPLOYMENT_TARGET = 13.1;
				MTL_ENABLE_DEBUG_INFO = INCLUDE_SOURCE;
				MTL_FAST_MATH = YES;
				ONLY_ACTIVE_ARCH = YES;
				SDKROOT = iphoneos;
				SWIFT_ACTIVE_COMPILATION_CONDITIONS = DEBUG;
				SWIFT_OPTIMIZATION_LEVEL = "-Onone";
			};
			name = Debug;
		};
		E7FF57DC2371A36F00F3FA22 /* Release */ = {
			isa = XCBuildConfiguration;
			buildSettings = {
				ALWAYS_SEARCH_USER_PATHS = NO;
				CLANG_ANALYZER_NONNULL = YES;
				CLANG_ANALYZER_NUMBER_OBJECT_CONVERSION = YES_AGGRESSIVE;
				CLANG_CXX_LANGUAGE_STANDARD = "gnu++14";
				CLANG_CXX_LIBRARY = "libc++";
				CLANG_ENABLE_MODULES = YES;
				CLANG_ENABLE_OBJC_ARC = YES;
				CLANG_ENABLE_OBJC_WEAK = YES;
				CLANG_WARN_BLOCK_CAPTURE_AUTORELEASING = YES;
				CLANG_WARN_BOOL_CONVERSION = YES;
				CLANG_WARN_COMMA = YES;
				CLANG_WARN_CONSTANT_CONVERSION = YES;
				CLANG_WARN_DEPRECATED_OBJC_IMPLEMENTATIONS = YES;
				CLANG_WARN_DIRECT_OBJC_ISA_USAGE = YES_ERROR;
				CLANG_WARN_DOCUMENTATION_COMMENTS = YES;
				CLANG_WARN_EMPTY_BODY = YES;
				CLANG_WARN_ENUM_CONVERSION = YES;
				CLANG_WARN_INFINITE_RECURSION = YES;
				CLANG_WARN_INT_CONVERSION = YES;
				CLANG_WARN_NON_LITERAL_NULL_CONVERSION = YES;
				CLANG_WARN_OBJC_IMPLICIT_RETAIN_SELF = YES;
				CLANG_WARN_OBJC_LITERAL_CONVERSION = YES;
				CLANG_WARN_OBJC_ROOT_CLASS = YES_ERROR;
				CLANG_WARN_RANGE_LOOP_ANALYSIS = YES;
				CLANG_WARN_STRICT_PROTOTYPES = YES;
				CLANG_WARN_SUSPICIOUS_MOVE = YES;
				CLANG_WARN_UNGUARDED_AVAILABILITY = YES_AGGRESSIVE;
				CLANG_WARN_UNREACHABLE_CODE = YES;
				CLANG_WARN__DUPLICATE_METHOD_MATCH = YES;
				COPY_PHASE_STRIP = NO;
				DEBUG_INFORMATION_FORMAT = "dwarf-with-dsym";
				ENABLE_NS_ASSERTIONS = NO;
				ENABLE_STRICT_OBJC_MSGSEND = YES;
				GCC_C_LANGUAGE_STANDARD = gnu11;
				GCC_NO_COMMON_BLOCKS = YES;
				GCC_WARN_64_TO_32_BIT_CONVERSION = YES;
				GCC_WARN_ABOUT_RETURN_TYPE = YES_ERROR;
				GCC_WARN_UNDECLARED_SELECTOR = YES;
				GCC_WARN_UNINITIALIZED_AUTOS = YES_AGGRESSIVE;
				GCC_WARN_UNUSED_FUNCTION = YES;
				GCC_WARN_UNUSED_VARIABLE = YES;
				IPHONEOS_DEPLOYMENT_TARGET = 13.1;
				MTL_ENABLE_DEBUG_INFO = NO;
				MTL_FAST_MATH = YES;
				SDKROOT = iphoneos;
				SWIFT_COMPILATION_MODE = wholemodule;
				SWIFT_OPTIMIZATION_LEVEL = "-O";
				VALIDATE_PRODUCT = YES;
			};
			name = Release;
		};
		E7FF57DE2371A36F00F3FA22 /* Debug */ = {
			isa = XCBuildConfiguration;
			baseConfigurationReference = 303077478AF76DECDC033BE2 /* Pods-CuidooApp.debug.xcconfig */;
			buildSettings = {
				CODE_SIGN_STYLE = Automatic;
				DEVELOPMENT_TEAM = 76DX35F6T7;
				INFOPLIST_FILE = CuidooApp/Info.plist;
				LD_RUNPATH_SEARCH_PATHS = (
					"$(inherited)",
					"@executable_path/Frameworks",
				);
				PRODUCT_BUNDLE_IDENTIFIER = juliojohn.CuidooApp;
				PRODUCT_NAME = "$(TARGET_NAME)";
				SWIFT_VERSION = 5.0;
				TARGETED_DEVICE_FAMILY = "1,2";
			};
			name = Debug;
		};
		E7FF57DF2371A36F00F3FA22 /* Release */ = {
			isa = XCBuildConfiguration;
			baseConfigurationReference = 800AE3D6E1EBAC85C2721D3B /* Pods-CuidooApp.release.xcconfig */;
			buildSettings = {
				CODE_SIGN_STYLE = Automatic;
				DEVELOPMENT_TEAM = 76DX35F6T7;
				INFOPLIST_FILE = CuidooApp/Info.plist;
				LD_RUNPATH_SEARCH_PATHS = (
					"$(inherited)",
					"@executable_path/Frameworks",
				);
				PRODUCT_BUNDLE_IDENTIFIER = juliojohn.CuidooApp;
				PRODUCT_NAME = "$(TARGET_NAME)";
				SWIFT_VERSION = 5.0;
				TARGETED_DEVICE_FAMILY = "1,2";
			};
			name = Release;
		};
/* End XCBuildConfiguration section */

/* Begin XCConfigurationList section */
		E7FF57C42371A36A00F3FA22 /* Build configuration list for PBXProject "CuidooApp" */ = {
			isa = XCConfigurationList;
			buildConfigurations = (
				E7FF57DB2371A36F00F3FA22 /* Debug */,
				E7FF57DC2371A36F00F3FA22 /* Release */,
			);
			defaultConfigurationIsVisible = 0;
			defaultConfigurationName = Release;
		};
		E7FF57DD2371A36F00F3FA22 /* Build configuration list for PBXNativeTarget "CuidooApp" */ = {
			isa = XCConfigurationList;
			buildConfigurations = (
				E7FF57DE2371A36F00F3FA22 /* Debug */,
				E7FF57DF2371A36F00F3FA22 /* Release */,
			);
			defaultConfigurationIsVisible = 0;
			defaultConfigurationName = Release;
		};
/* End XCConfigurationList section */
	};
	rootObject = E7FF57C12371A36A00F3FA22 /* Project object */;
}
